// !$*UTF8*$!
{
	archiveVersion = 1;
	classes = {
	};
	objectVersion = 50;
	objects = {

/* Begin PBXBuildFile section */
		657083CE208BF9D100D74D27 /* AppDelegate.swift in Sources */ = {isa = PBXBuildFile; fileRef = 657083CD208BF9D100D74D27 /* AppDelegate.swift */; };
		657083D0208BF9D100D74D27 /* ViewController.swift in Sources */ = {isa = PBXBuildFile; fileRef = 657083CF208BF9D100D74D27 /* ViewController.swift */; };
		657083D3208BF9D100D74D27 /* Main.storyboard in Resources */ = {isa = PBXBuildFile; fileRef = 657083D1208BF9D100D74D27 /* Main.storyboard */; };
		657083D5208BF9D600D74D27 /* Assets.xcassets in Resources */ = {isa = PBXBuildFile; fileRef = 657083D4208BF9D600D74D27 /* Assets.xcassets */; };
		657083D8208BF9D600D74D27 /* LaunchScreen.storyboard in Resources */ = {isa = PBXBuildFile; fileRef = 657083D6208BF9D600D74D27 /* LaunchScreen.storyboard */; };
		657083E3208BF9D600D74D27 /* airhawkeyTests.swift in Sources */ = {isa = PBXBuildFile; fileRef = 657083E2208BF9D600D74D27 /* airhawkeyTests.swift */; };
		657083EE208BF9D600D74D27 /* airhawkeyUITests.swift in Sources */ = {isa = PBXBuildFile; fileRef = 657083ED208BF9D600D74D27 /* airhawkeyUITests.swift */; };
		657083FC208BFA1800D74D27 /* GoogleService-Info.plist in Resources */ = {isa = PBXBuildFile; fileRef = 657083FB208BFA1800D74D27 /* GoogleService-Info.plist */; };
		657083FD208BFA1800D74D27 /* GoogleService-Info.plist in Resources */ = {isa = PBXBuildFile; fileRef = 657083FB208BFA1800D74D27 /* GoogleService-Info.plist */; };
		657083FE208BFA1800D74D27 /* GoogleService-Info.plist in Resources */ = {isa = PBXBuildFile; fileRef = 657083FB208BFA1800D74D27 /* GoogleService-Info.plist */; };
/* End PBXBuildFile section */

/* Begin PBXContainerItemProxy section */
		657083DF208BF9D600D74D27 /* PBXContainerItemProxy */ = {
			isa = PBXContainerItemProxy;
			containerPortal = 657083C2208BF9D100D74D27 /* Project object */;
			proxyType = 1;
			remoteGlobalIDString = 657083C9208BF9D100D74D27;
			remoteInfo = airhawkey;
		};
		657083EA208BF9D600D74D27 /* PBXContainerItemProxy */ = {
			isa = PBXContainerItemProxy;
			containerPortal = 657083C2208BF9D100D74D27 /* Project object */;
			proxyType = 1;
			remoteGlobalIDString = 657083C9208BF9D100D74D27;
			remoteInfo = airhawkey;
		};
/* End PBXContainerItemProxy section */

/* Begin PBXFileReference section */
		657083CA208BF9D100D74D27 /* airhawkey.app */ = {isa = PBXFileReference; explicitFileType = wrapper.application; includeInIndex = 0; path = airhawkey.app; sourceTree = BUILT_PRODUCTS_DIR; };
		657083CD208BF9D100D74D27 /* AppDelegate.swift */ = {isa = PBXFileReference; lastKnownFileType = sourcecode.swift; path = AppDelegate.swift; sourceTree = "<group>"; };
		657083CF208BF9D100D74D27 /* ViewController.swift */ = {isa = PBXFileReference; lastKnownFileType = sourcecode.swift; path = ViewController.swift; sourceTree = "<group>"; };
		657083D2208BF9D100D74D27 /* Base */ = {isa = PBXFileReference; lastKnownFileType = file.storyboard; name = Base; path = Base.lproj/Main.storyboard; sourceTree = "<group>"; };
		657083D4208BF9D600D74D27 /* Assets.xcassets */ = {isa = PBXFileReference; lastKnownFileType = folder.assetcatalog; path = Assets.xcassets; sourceTree = "<group>"; };
		657083D7208BF9D600D74D27 /* Base */ = {isa = PBXFileReference; lastKnownFileType = file.storyboard; name = Base; path = Base.lproj/LaunchScreen.storyboard; sourceTree = "<group>"; };
		657083D9208BF9D600D74D27 /* Info.plist */ = {isa = PBXFileReference; lastKnownFileType = text.plist.xml; path = Info.plist; sourceTree = "<group>"; };
		657083DE208BF9D600D74D27 /* airhawkeyTests.xctest */ = {isa = PBXFileReference; explicitFileType = wrapper.cfbundle; includeInIndex = 0; path = airhawkeyTests.xctest; sourceTree = BUILT_PRODUCTS_DIR; };
		657083E2208BF9D600D74D27 /* airhawkeyTests.swift */ = {isa = PBXFileReference; lastKnownFileType = sourcecode.swift; path = airhawkeyTests.swift; sourceTree = "<group>"; };
		657083E4208BF9D600D74D27 /* Info.plist */ = {isa = PBXFileReference; lastKnownFileType = text.plist.xml; path = Info.plist; sourceTree = "<group>"; };
		657083E9208BF9D600D74D27 /* airhawkeyUITests.xctest */ = {isa = PBXFileReference; explicitFileType = wrapper.cfbundle; includeInIndex = 0; path = airhawkeyUITests.xctest; sourceTree = BUILT_PRODUCTS_DIR; };
		657083ED208BF9D600D74D27 /* airhawkeyUITests.swift */ = {isa = PBXFileReference; lastKnownFileType = sourcecode.swift; path = airhawkeyUITests.swift; sourceTree = "<group>"; };
		657083EF208BF9D600D74D27 /* Info.plist */ = {isa = PBXFileReference; lastKnownFileType = text.plist.xml; path = Info.plist; sourceTree = "<group>"; };
		657083FB208BFA1800D74D27 /* GoogleService-Info.plist */ = {isa = PBXFileReference; fileEncoding = 4; lastKnownFileType = text.plist.xml; name = "GoogleService-Info.plist"; path = "../../GoogleService-Info.plist"; sourceTree = "<group>"; };
/* End PBXFileReference section */

/* Begin PBXFrameworksBuildPhase section */
		657083C7208BF9D100D74D27 /* Frameworks */ = {
			isa = PBXFrameworksBuildPhase;
			buildActionMask = 2147483647;
			files = (
			);
			runOnlyForDeploymentPostprocessing = 0;
		};
		657083DB208BF9D600D74D27 /* Frameworks */ = {
			isa = PBXFrameworksBuildPhase;
			buildActionMask = 2147483647;
			files = (
			);
			runOnlyForDeploymentPostprocessing = 0;
		};
		657083E6208BF9D600D74D27 /* Frameworks */ = {
			isa = PBXFrameworksBuildPhase;
			buildActionMask = 2147483647;
			files = (
			);
			runOnlyForDeploymentPostprocessing = 0;
		};
/* End PBXFrameworksBuildPhase section */

/* Begin PBXGroup section */
		657083C1208BF9D100D74D27 = {
			isa = PBXGroup;
			children = (
				657083CC208BF9D100D74D27 /* airhawkey */,
				657083E1208BF9D600D74D27 /* airhawkeyTests */,
				657083EC208BF9D600D74D27 /* airhawkeyUITests */,
				657083CB208BF9D100D74D27 /* Products */,
			);
			sourceTree = "<group>";
		};
		657083CB208BF9D100D74D27 /* Products */ = {
			isa = PBXGroup;
			children = (
				657083CA208BF9D100D74D27 /* airhawkey.app */,
				657083DE208BF9D600D74D27 /* airhawkeyTests.xctest */,
				657083E9208BF9D600D74D27 /* airhawkeyUITests.xctest */,
			);
			name = Products;
			sourceTree = "<group>";
		};
		657083CC208BF9D100D74D27 /* airhawkey */ = {
			isa = PBXGroup;
			children = (
				657083CD208BF9D100D74D27 /* AppDelegate.swift */,
				657083CF208BF9D100D74D27 /* ViewController.swift */,
				657083D1208BF9D100D74D27 /* Main.storyboard */,
				657083D4208BF9D600D74D27 /* Assets.xcassets */,
				657083D6208BF9D600D74D27 /* LaunchScreen.storyboard */,
				657083D9208BF9D600D74D27 /* Info.plist */,
				657083FB208BFA1800D74D27 /* GoogleService-Info.plist */,
			);
			path = airhawkey;
			sourceTree = "<group>";
		};
		657083E1208BF9D600D74D27 /* airhawkeyTests */ = {
			isa = PBXGroup;
			children = (
				657083E2208BF9D600D74D27 /* airhawkeyTests.swift */,
				657083E4208BF9D600D74D27 /* Info.plist */,
			);
			path = airhawkeyTests;
			sourceTree = "<group>";
		};
		657083EC208BF9D600D74D27 /* airhawkeyUITests */ = {
			isa = PBXGroup;
			children = (
				657083ED208BF9D600D74D27 /* airhawkeyUITests.swift */,
				657083EF208BF9D600D74D27 /* Info.plist */,
			);
			path = airhawkeyUITests;
			sourceTree = "<group>";
		};
/* End PBXGroup section */

/* Begin PBXNativeTarget section */
		657083C9208BF9D100D74D27 /* airhawkey */ = {
			isa = PBXNativeTarget;
			buildConfigurationList = 657083F2208BF9D600D74D27 /* Build configuration list for PBXNativeTarget "airhawkey" */;
			buildPhases = (
				657083C6208BF9D100D74D27 /* Sources */,
				657083C7208BF9D100D74D27 /* Frameworks */,
				657083C8208BF9D100D74D27 /* Resources */,
			);
			buildRules = (
			);
			dependencies = (
			);
			name = airhawkey;
			productName = airhawkey;
			productReference = 657083CA208BF9D100D74D27 /* airhawkey.app */;
			productType = "com.apple.product-type.application";
		};
		657083DD208BF9D600D74D27 /* airhawkeyTests */ = {
			isa = PBXNativeTarget;
			buildConfigurationList = 657083F5208BF9D600D74D27 /* Build configuration list for PBXNativeTarget "airhawkeyTests" */;
			buildPhases = (
				657083DA208BF9D600D74D27 /* Sources */,
				657083DB208BF9D600D74D27 /* Frameworks */,
				657083DC208BF9D600D74D27 /* Resources */,
			);
			buildRules = (
			);
			dependencies = (
				657083E0208BF9D600D74D27 /* PBXTargetDependency */,
			);
			name = airhawkeyTests;
			productName = airhawkeyTests;
			productReference = 657083DE208BF9D600D74D27 /* airhawkeyTests.xctest */;
			productType = "com.apple.product-type.bundle.unit-test";
		};
		657083E8208BF9D600D74D27 /* airhawkeyUITests */ = {
			isa = PBXNativeTarget;
			buildConfigurationList = 657083F8208BF9D600D74D27 /* Build configuration list for PBXNativeTarget "airhawkeyUITests" */;
			buildPhases = (
				657083E5208BF9D600D74D27 /* Sources */,
				657083E6208BF9D600D74D27 /* Frameworks */,
				657083E7208BF9D600D74D27 /* Resources */,
			);
			buildRules = (
			);
			dependencies = (
				657083EB208BF9D600D74D27 /* PBXTargetDependency */,
			);
			name = airhawkeyUITests;
			productName = airhawkeyUITests;
			productReference = 657083E9208BF9D600D74D27 /* airhawkeyUITests.xctest */;
			productType = "com.apple.product-type.bundle.ui-testing";
		};
/* End PBXNativeTarget section */

/* Begin PBXProject section */
		657083C2208BF9D100D74D27 /* Project object */ = {
			isa = PBXProject;
			attributes = {
				LastSwiftUpdateCheck = 0930;
				LastUpgradeCheck = 0930;
				ORGANIZATIONNAME = "Danny Peng";
				TargetAttributes = {
					657083C9208BF9D100D74D27 = {
						CreatedOnToolsVersion = 9.3;
					};
					657083DD208BF9D600D74D27 = {
						CreatedOnToolsVersion = 9.3;
						TestTargetID = 657083C9208BF9D100D74D27;
					};
					657083E8208BF9D600D74D27 = {
						CreatedOnToolsVersion = 9.3;
						TestTargetID = 657083C9208BF9D100D74D27;
					};
				};
			};
			buildConfigurationList = 657083C5208BF9D100D74D27 /* Build configuration list for PBXProject "airhawkey" */;
			compatibilityVersion = "Xcode 9.3";
			developmentRegion = en;
			hasScannedForEncodings = 0;
			knownRegions = (
				en,
				Base,
			);
			mainGroup = 657083C1208BF9D100D74D27;
			productRefGroup = 657083CB208BF9D100D74D27 /* Products */;
			projectDirPath = "";
			projectRoot = "";
			targets = (
				657083C9208BF9D100D74D27 /* airhawkey */,
				657083DD208BF9D600D74D27 /* airhawkeyTests */,
				657083E8208BF9D600D74D27 /* airhawkeyUITests */,
			);
		};
/* End PBXProject section */

/* Begin PBXResourcesBuildPhase section */
		657083C8208BF9D100D74D27 /* Resources */ = {
			isa = PBXResourcesBuildPhase;
			buildActionMask = 2147483647;
			files = (
				657083D8208BF9D600D74D27 /* LaunchScreen.storyboard in Resources */,
				657083FC208BFA1800D74D27 /* GoogleService-Info.plist in Resources */,
				657083D5208BF9D600D74D27 /* Assets.xcassets in Resources */,
				657083D3208BF9D100D74D27 /* Main.storyboard in Resources */,
			);
			runOnlyForDeploymentPostprocessing = 0;
		};
		657083DC208BF9D600D74D27 /* Resources */ = {
			isa = PBXResourcesBuildPhase;
			buildActionMask = 2147483647;
			files = (
				657083FD208BFA1800D74D27 /* GoogleService-Info.plist in Resources */,
			);
			runOnlyForDeploymentPostprocessing = 0;
		};
		657083E7208BF9D600D74D27 /* Resources */ = {
			isa = PBXResourcesBuildPhase;
			buildActionMask = 2147483647;
			files = (
				657083FE208BFA1800D74D27 /* GoogleService-Info.plist in Resources */,
			);
			runOnlyForDeploymentPostprocessing = 0;
		};
/* End PBXResourcesBuildPhase section */

/* Begin PBXSourcesBuildPhase section */
		657083C6208BF9D100D74D27 /* Sources */ = {
			isa = PBXSourcesBuildPhase;
			buildActionMask = 2147483647;
			files = (
				657083D0208BF9D100D74D27 /* ViewController.swift in Sources */,
				657083CE208BF9D100D74D27 /* AppDelegate.swift in Sources */,
			);
			runOnlyForDeploymentPostprocessing = 0;
		};
		657083DA208BF9D600D74D27 /* Sources */ = {
			isa = PBXSourcesBuildPhase;
			buildActionMask = 2147483647;
			files = (
				657083E3208BF9D600D74D27 /* airhawkeyTests.swift in Sources */,
			);
			runOnlyForDeploymentPostprocessing = 0;
		};
		657083E5208BF9D600D74D27 /* Sources */ = {
			isa = PBXSourcesBuildPhase;
			buildActionMask = 2147483647;
			files = (
				657083EE208BF9D600D74D27 /* airhawkeyUITests.swift in Sources */,
			);
			runOnlyForDeploymentPostprocessing = 0;
		};
/* End PBXSourcesBuildPhase section */

/* Begin PBXTargetDependency section */
		657083E0208BF9D600D74D27 /* PBXTargetDependency */ = {
			isa = PBXTargetDependency;
			target = 657083C9208BF9D100D74D27 /* airhawkey */;
			targetProxy = 657083DF208BF9D600D74D27 /* PBXContainerItemProxy */;
		};
		657083EB208BF9D600D74D27 /* PBXTargetDependency */ = {
			isa = PBXTargetDependency;
			target = 657083C9208BF9D100D74D27 /* airhawkey */;
			targetProxy = 657083EA208BF9D600D74D27 /* PBXContainerItemProxy */;
		};
/* End PBXTargetDependency section */

/* Begin PBXVariantGroup section */
		657083D1208BF9D100D74D27 /* Main.storyboard */ = {
			isa = PBXVariantGroup;
			children = (
				657083D2208BF9D100D74D27 /* Base */,
			);
			name = Main.storyboard;
			sourceTree = "<group>";
		};
		657083D6208BF9D600D74D27 /* LaunchScreen.storyboard */ = {
			isa = PBXVariantGroup;
			children = (
				657083D7208BF9D600D74D27 /* Base */,
			);
			name = LaunchScreen.storyboard;
			sourceTree = "<group>";
		};
/* End PBXVariantGroup section */

/* Begin XCBuildConfiguration section */
		657083F0208BF9D600D74D27 /* Debug */ = {
			isa = XCBuildConfiguration;
			buildSettings = {
				ALWAYS_SEARCH_USER_PATHS = NO;
				CLANG_ANALYZER_NONNULL = YES;
				CLANG_ANALYZER_NUMBER_OBJECT_CONVERSION = YES_AGGRESSIVE;
				CLANG_CXX_LANGUAGE_STANDARD = "gnu++14";
				CLANG_CXX_LIBRARY = "libc++";
				CLANG_ENABLE_MODULES = YES;
				CLANG_ENABLE_OBJC_ARC = YES;
				CLANG_ENABLE_OBJC_WEAK = YES;
				CLANG_WARN_BLOCK_CAPTURE_AUTORELEASING = YES;
				CLANG_WARN_BOOL_CONVERSION = YES;
				CLANG_WARN_COMMA = YES;
				CLANG_WARN_CONSTANT_CONVERSION = YES;
				CLANG_WARN_DEPRECATED_OBJC_IMPLEMENTATIONS = YES;
				CLANG_WARN_DIRECT_OBJC_ISA_USAGE = YES_ERROR;
				CLANG_WARN_DOCUMENTATION_COMMENTS = YES;
				CLANG_WARN_EMPTY_BODY = YES;
				CLANG_WARN_ENUM_CONVERSION = YES;
				CLANG_WARN_INFINITE_RECURSION = YES;
				CLANG_WARN_INT_CONVERSION = YES;
				CLANG_WARN_NON_LITERAL_NULL_CONVERSION = YES;
				CLANG_WARN_OBJC_IMPLICIT_RETAIN_SELF = YES;
				CLANG_WARN_OBJC_LITERAL_CONVERSION = YES;
				CLANG_WARN_OBJC_ROOT_CLASS = YES_ERROR;
				CLANG_WARN_RANGE_LOOP_ANALYSIS = YES;
				CLANG_WARN_STRICT_PROTOTYPES = YES;
				CLANG_WARN_SUSPICIOUS_MOVE = YES;
				CLANG_WARN_UNGUARDED_AVAILABILITY = YES_AGGRESSIVE;
				CLANG_WARN_UNREACHABLE_CODE = YES;
				CLANG_WARN__DUPLICATE_METHOD_MATCH = YES;
				CODE_SIGN_IDENTITY = "iPhone Developer";
				COPY_PHASE_STRIP = NO;
				DEBUG_INFORMATION_FORMAT = dwarf;
				ENABLE_STRICT_OBJC_MSGSEND = YES;
				ENABLE_TESTABILITY = YES;
				GCC_C_LANGUAGE_STANDARD = gnu11;
				GCC_DYNAMIC_NO_PIC = NO;
				GCC_NO_COMMON_BLOCKS = YES;
				GCC_OPTIMIZATION_LEVEL = 0;
				GCC_PREPROCESSOR_DEFINITIONS = (
					"DEBUG=1",
					"$(inherited)",
				);
				GCC_WARN_64_TO_32_BIT_CONVERSION = YES;
				GCC_WARN_ABOUT_RETURN_TYPE = YES_ERROR;
				GCC_WARN_UNDECLARED_SELECTOR = YES;
				GCC_WARN_UNINITIALIZED_AUTOS = YES_AGGRESSIVE;
				GCC_WARN_UNUSED_FUNCTION = YES;
				GCC_WARN_UNUSED_VARIABLE = YES;
				IPHONEOS_DEPLOYMENT_TARGET = 11.3;
				MTL_ENABLE_DEBUG_INFO = YES;
				ONLY_ACTIVE_ARCH = YES;
				SDKROOT = iphoneos;
				SWIFT_ACTIVE_COMPILATION_CONDITIONS = DEBUG;
				SWIFT_OPTIMIZATION_LEVEL = "-Onone";
			};
			name = Debug;
		};
		657083F1208BF9D600D74D27 /* Release */ = {
			isa = XCBuildConfiguration;
			buildSettings = {
				ALWAYS_SEARCH_USER_PATHS = NO;
				CLANG_ANALYZER_NONNULL = YES;
				CLANG_ANALYZER_NUMBER_OBJECT_CONVERSION = YES_AGGRESSIVE;
				CLANG_CXX_LANGUAGE_STANDARD = "gnu++14";
				CLANG_CXX_LIBRARY = "libc++";
				CLANG_ENABLE_MODULES = YES;
				CLANG_ENABLE_OBJC_ARC = YES;
				CLANG_ENABLE_OBJC_WEAK = YES;
				CLANG_WARN_BLOCK_CAPTURE_AUTORELEASING = YES;
				CLANG_WARN_BOOL_CONVERSION = YES;
				CLANG_WARN_COMMA = YES;
				CLANG_WARN_CONSTANT_CONVERSION = YES;
				CLANG_WARN_DEPRECATED_OBJC_IMPLEMENTATIONS = YES;
				CLANG_WARN_DIRECT_OBJC_ISA_USAGE = YES_ERROR;
				CLANG_WARN_DOCUMENTATION_COMMENTS = YES;
				CLANG_WARN_EMPTY_BODY = YES;
				CLANG_WARN_ENUM_CONVERSION = YES;
				CLANG_WARN_INFINITE_RECURSION = YES;
				CLANG_WARN_INT_CONVERSION = YES;
				CLANG_WARN_NON_LITERAL_NULL_CONVERSION = YES;
				CLANG_WARN_OBJC_IMPLICIT_RETAIN_SELF = YES;
				CLANG_WARN_OBJC_LITERAL_CONVERSION = YES;
				CLANG_WARN_OBJC_ROOT_CLASS = YES_ERROR;
				CLANG_WARN_RANGE_LOOP_ANALYSIS = YES;
				CLANG_WARN_STRICT_PROTOTYPES = YES;
				CLANG_WARN_SUSPICIOUS_MOVE = YES;
				CLANG_WARN_UNGUARDED_AVAILABILITY = YES_AGGRESSIVE;
				CLANG_WARN_UNREACHABLE_CODE = YES;
				CLANG_WARN__DUPLICATE_METHOD_MATCH = YES;
				CODE_SIGN_IDENTITY = "iPhone Developer";
				COPY_PHASE_STRIP = NO;
				DEBUG_INFORMATION_FORMAT = "dwarf-with-dsym";
				ENABLE_NS_ASSERTIONS = NO;
				ENABLE_STRICT_OBJC_MSGSEND = YES;
				GCC_C_LANGUAGE_STANDARD = gnu11;
				GCC_NO_COMMON_BLOCKS = YES;
				GCC_WARN_64_TO_32_BIT_CONVERSION = YES;
				GCC_WARN_ABOUT_RETURN_TYPE = YES_ERROR;
				GCC_WARN_UNDECLARED_SELECTOR = YES;
				GCC_WARN_UNINITIALIZED_AUTOS = YES_AGGRESSIVE;
				GCC_WARN_UNUSED_FUNCTION = YES;
				GCC_WARN_UNUSED_VARIABLE = YES;
				IPHONEOS_DEPLOYMENT_TARGET = 11.3;
				MTL_ENABLE_DEBUG_INFO = NO;
				SDKROOT = iphoneos;
				SWIFT_COMPILATION_MODE = wholemodule;
				SWIFT_OPTIMIZATION_LEVEL = "-O";
				VALIDATE_PRODUCT = YES;
			};
			name = Release;
		};
		657083F3208BF9D600D74D27 /* Debug */ = {
			isa = XCBuildConfiguration;
			buildSettings = {
				ASSETCATALOG_COMPILER_APPICON_NAME = AppIcon;
				CODE_SIGN_STYLE = Automatic;
				DEVELOPMENT_TEAM = 8297PCJG83;
				INFOPLIST_FILE = airhawkey/Info.plist;
				LD_RUNPATH_SEARCH_PATHS = (
					"$(inherited)",
					"@executable_path/Frameworks",
				);
				PRODUCT_BUNDLE_IDENTIFIER = com.CitrusHacks.airhawkey;
				PRODUCT_NAME = "$(TARGET_NAME)";
				SWIFT_VERSION = 4.0;
				TARGETED_DEVICE_FAMILY = "1,2";
			};
			name = Debug;
		};
		657083F4208BF9D600D74D27 /* Release */ = {
			isa = XCBuildConfiguration;
			buildSettings = {
				ASSETCATALOG_COMPILER_APPICON_NAME = AppIcon;
				CODE_SIGN_STYLE = Automatic;
				DEVELOPMENT_TEAM = 8297PCJG83;
				INFOPLIST_FILE = airhawkey/Info.plist;
				LD_RUNPATH_SEARCH_PATHS = (
					"$(inherited)",
					"@executable_path/Frameworks",
				);
				PRODUCT_BUNDLE_IDENTIFIER = com.CitrusHacks.airhawkey;
				PRODUCT_NAME = "$(TARGET_NAME)";
				SWIFT_VERSION = 4.0;
				TARGETED_DEVICE_FAMILY = "1,2";
			};
			name = Release;
		};
		657083F6208BF9D600D74D27 /* Debug */ = {
			isa = XCBuildConfiguration;
			buildSettings = {
				ALWAYS_EMBED_SWIFT_STANDARD_LIBRARIES = YES;
				BUNDLE_LOADER = "$(TEST_HOST)";
				CODE_SIGN_STYLE = Automatic;
				DEVELOPMENT_TEAM = 8297PCJG83;
				INFOPLIST_FILE = airhawkeyTests/Info.plist;
				LD_RUNPATH_SEARCH_PATHS = (
					"$(inherited)",
					"@executable_path/Frameworks",
					"@loader_path/Frameworks",
				);
				PRODUCT_BUNDLE_IDENTIFIER = com.CitrusHacks.airhawkeyTests;
				PRODUCT_NAME = "$(TARGET_NAME)";
				SWIFT_VERSION = 4.0;
				TARGETED_DEVICE_FAMILY = "1,2";
				TEST_HOST = "$(BUILT_PRODUCTS_DIR)/airhawkey.app/airhawkey";
			};
			name = Debug;
		};
		657083F7208BF9D600D74D27 /* Release */ = {
			isa = XCBuildConfiguration;
			buildSettings = {
				ALWAYS_EMBED_SWIFT_STANDARD_LIBRARIES = YES;
				BUNDLE_LOADER = "$(TEST_HOST)";
				CODE_SIGN_STYLE = Automatic;
				DEVELOPMENT_TEAM = 8297PCJG83;
				INFOPLIST_FILE = airhawkeyTests/Info.plist;
				LD_RUNPATH_SEARCH_PATHS = (
					"$(inherited)",
					"@executable_path/Frameworks",
					"@loader_path/Frameworks",
				);
				PRODUCT_BUNDLE_IDENTIFIER = com.CitrusHacks.airhawkeyTests;
				PRODUCT_NAME = "$(TARGET_NAME)";
				SWIFT_VERSION = 4.0;
				TARGETED_DEVICE_FAMILY = "1,2";
				TEST_HOST = "$(BUILT_PRODUCTS_DIR)/airhawkey.app/airhawkey";
			};
			name = Release;
		};
		657083F9208BF9D600D74D27 /* Debug */ = {
			isa = XCBuildConfiguration;
			buildSettings = {
				ALWAYS_EMBED_SWIFT_STANDARD_LIBRARIES = YES;
				CODE_SIGN_STYLE = Automatic;
				DEVELOPMENT_TEAM = 8297PCJG83;
				INFOPLIST_FILE = airhawkeyUITests/Info.plist;
				LD_RUNPATH_SEARCH_PATHS = (
					"$(inherited)",
					"@executable_path/Frameworks",
					"@loader_path/Frameworks",
				);
				PRODUCT_BUNDLE_IDENTIFIER = com.CitrusHacks.airhawkeyUITests;
				PRODUCT_NAME = "$(TARGET_NAME)";
				SWIFT_VERSION = 4.0;
				TARGETED_DEVICE_FAMILY = "1,2";
				TEST_TARGET_NAME = airhawkey;
			};
			name = Debug;
		};
		657083FA208BF9D600D74D27 /* Release */ = {
			isa = XCBuildConfiguration;
			buildSettings = {
				ALWAYS_EMBED_SWIFT_STANDARD_LIBRARIES = YES;
				CODE_SIGN_STYLE = Automatic;
				DEVELOPMENT_TEAM = 8297PCJG83;
				INFOPLIST_FILE = airhawkeyUITests/Info.plist;
				LD_RUNPATH_SEARCH_PATHS = (
					"$(inherited)",
					"@executable_path/Frameworks",
					"@loader_path/Frameworks",
				);
				PRODUCT_BUNDLE_IDENTIFIER = com.CitrusHacks.airhawkeyUITests;
				PRODUCT_NAME = "$(TARGET_NAME)";
				SWIFT_VERSION = 4.0;
				TARGETED_DEVICE_FAMILY = "1,2";
				TEST_TARGET_NAME = airhawkey;
			};
			name = Release;
		};
/* End XCBuildConfiguration section */

/* Begin XCConfigurationList section */
		657083C5208BF9D100D74D27 /* Build configuration list for PBXProject "airhawkey" */ = {
			isa = XCConfigurationList;
			buildConfigurations = (
				657083F0208BF9D600D74D27 /* Debug */,
				657083F1208BF9D600D74D27 /* Release */,
			);
			defaultConfigurationIsVisible = 0;
			defaultConfigurationName = Release;
		};
		657083F2208BF9D600D74D27 /* Build configuration list for PBXNativeTarget "airhawkey" */ = {
			isa = XCConfigurationList;
			buildConfigurations = (
				657083F3208BF9D600D74D27 /* Debug */,
				657083F4208BF9D600D74D27 /* Release */,
			);
			defaultConfigurationIsVisible = 0;
			defaultConfigurationName = Release;
		};
		657083F5208BF9D600D74D27 /* Build configuration list for PBXNativeTarget "airhawkeyTests" */ = {
			isa = XCConfigurationList;
			buildConfigurations = (
				657083F6208BF9D600D74D27 /* Debug */,
				657083F7208BF9D600D74D27 /* Release */,
			);
			defaultConfigurationIsVisible = 0;
			defaultConfigurationName = Release;
		};
		657083F8208BF9D600D74D27 /* Build configuration list for PBXNativeTarget "airhawkeyUITests" */ = {
			isa = XCConfigurationList;
			buildConfigurations = (
				657083F9208BF9D600D74D27 /* Debug */,
				657083FA208BF9D600D74D27 /* Release */,
			);
			defaultConfigurationIsVisible = 0;
			defaultConfigurationName = Release;
		};
/* End XCConfigurationList section */
	};
	rootObject = 657083C2208BF9D100D74D27 /* Project object */;
}
